
Microsoft Visual Studio Solution File, Format Version 12.00
# Visual Studio Version 17
VisualStudioVersion = 17.0.32112.339
MinimumVisualStudioVersion = 10.0.40219.1
Project("{FAE04EC0-301F-11D3-BF4B-00C04F79EFBC}") = "RestfullTemplate", "RestfullTemplate\RestfullTemplate.csproj", "{555D32AD-848A-41A8-99E5-1F62130A57BB}"
EndProject
Global
	GlobalSection(SolutionConfigurationPlatforms) = preSolution
		Debug|Any CPU = Debug|Any CPU
		Release|Any CPU = Release|Any CPU
	EndGlobalSection
	GlobalSection(ProjectConfigurationPlatforms) = postSolution
		{555D32AD-848A-41A8-99E5-1F62130A57BB}.Debug|Any CPU.ActiveCfg = Debug|Any CPU
		{555D32AD-848A-41A8-99E5-1F62130A57BB}.Debug|Any CPU.Build.0 = Debug|Any CPU
		{555D32AD-848A-41A8-99E5-1F62130A57BB}.Release|Any CPU.ActiveCfg = Release|Any CPU
		{555D32AD-848A-41A8-99E5-1F62130A57BB}.Release|Any CPU.Build.0 = Release|Any CPU
	EndGlobalSection
	GlobalSection(SolutionProperties) = preSolution
		HideSolutionNode = FALSE
	EndGlobalSection
	GlobalSection(ExtensibilityGlobals) = postSolution
		SolutionGuid = {4E5DCDB4-F318-4922-9242-87D34BD0D145}
	EndGlobalSection
EndGlobal
